{
  "name": "vortex-ui",
  "version": "0.1.5-a",
  "lockfileVersion": 3,
  "requires": true,
  "packages": {
    "": {
      "name": "vortex-ui",
      "version": "0.1.5-a",
      "dependencies": {
        "dayjs": "^1.11.23"
      },
      "devDependencies": {
        "@emotion/cache": "^11.11.0",
        "@emotion/react": "^11.0.0",
        "@emotion/styled": "^11.0.0",
        "@mui/icons-material": "^6.0.0",
        "@mui/material": "^6.0.0",
        "@storybook/react": "^10.5.10",
        "@storybook/react-vite": "^10.5.10",
        "@types/react": "^19.0.0",
        "@types/react-dom": "^19.0.0",
        "next": "^16.3.3",
        "react": "^19.0.0",
        "react-dom": "^19.0.0",
        "storybook": "^10.5.10",
        "tsup": "^8.0.2",
        "typescript": "^5.0.0"
      },
      "peerDependencies": {
        "@emotion/react": "^11.0.0",
        "@emotion/styled": "^11.0.0",
        "@mui/icons-material": "^6.0.0",
        "@mui/material": "^6.0.0",
        "react": "^19.0.0",
        "react-dom": "^19.0.0"
      }
    },
    "../../node_modules/.pnpm/@emotion+cache@11.14.0/node_modules/@emotion/cache": {
      "version": "11.14.0",
      "dev": true,
      "license": "MIT",
      "dependencies": {
        "@emotion/memoize": "^0.9.0",
        "@emotion/sheet": "^1.4.0",
        "@emotion/utils": "^1.4.2",
        "@emotion/weak-memoize": "^0.4.0",
        "stylis": "4.2.0"
      },
      "devDependencies": {
        "@definitelytyped/dtslint": "0.0.112",
        "@emotion/hash": "*",
        "@types/stylis": "^4.2.7",
        "typescript": "^5.4.5"
      }
    },
    "../../node_modules/.pnpm/@emotion+react@11.14.0_@types+react@19.2.18_react@19.2.8/node_modules/@emotion/react": {
      "version": "11.14.0",
      "dev": true,
      "license": "MIT",
      "dependencies": {
        "@babel/runtime": "^7.18.3",
        "@emotion/babel-plugin": "^11.13.5",
        "@emotion/cache": "^11.14.0",
        "@emotion/serialize": "^1.3.3",
        "@emotion/use-insertion-effect-with-fallbacks": "^1.2.0",
        "@emotion/utils": "^1.4.2",
        "@emotion/weak-memoize": "^0.4.0",
        "hoist-non-react-statics": "^3.3.1"
      },
      "devDependencies": {
        "@definitelytyped/dtslint": "0.0.112",
        "@emotion/css": "11.13.5",
        "@emotion/css-prettifier": "1.2.0",
        "@emotion/server": "11.11.0",
        "@emotion/styled": "11.14.0",
        "@types/hoist-non-react-statics": "^3.3.5",
        "html-tag-names": "^1.1.2",
        "react": "16.14.0",
        "svg-tag-names": "^1.1.1",
        "typescript": "^5.4.5"
      },
      "peerDependencies": {
        "react": ">=16.8.0"
      },
      "peerDependenciesMeta": {
        "@types/react": {
          "optional": true
        }
      }
    },
    "../../node_modules/.pnpm/@emotion+styled@11.14.1_@emotion+react@11.14.0_@types+react@19.2.18_react@19.2.8__@types+react@19.2.18_react@19.2.8/node_modules/@emotion/styled": {
      "version": "11.14.1",
      "dev": true,
      "license": "MIT",
      "dependencies": {
        "@babel/runtime": "^7.18.3",
        "@emotion/babel-plugin": "^11.13.5",
        "@emotion/is-prop-valid": "^1.3.0",
        "@emotion/serialize": "^1.3.3",
        "@emotion/use-insertion-effect-with-fallbacks": "^1.2.0",
        "@emotion/utils": "^1.4.2"
      },
      "devDependencies": {
        "@definitelytyped/dtslint": "0.0.112",
        "@emotion/react": "11.14.0",
        "react": "16.14.0",
        "typescript": "^5.4.5"
      },
      "peerDependencies": {
        "@emotion/react": "^11.0.0-rc.0",
        "react": ">=16.8.0"
      },
      "peerDependenciesMeta": {
        "@types/react": {
          "optional": true
        }
      }
    },
    "../../node_modules/.pnpm/@mui+icons-material@6.5.0_@mui+material@6.5.0_@emotion+react@11.14.0_@types+react@19.2.18_rea_p7l276ugrvzlwtimhvrcyjtfx4/node_modules/@mui/icons-material": {
      "version": "6.5.0",
      "dev": true,
      "license": "MIT",
      "dependencies": {
        "@babel/runtime": "^7.26.0"
      },
      "engines": {
        "node": ">=14.0.0"
      },
      "funding": {
        "type": "opencollective",
        "url": "https://opencollective.com/mui-org"
      },
      "peerDependencies": {
        "@mui/material": "^6.5.0",
        "@types/react": "^17.0.0 || ^18.0.0 || ^19.0.0",
        "react": "^17.0.0 || ^18.0.0 || ^19.0.0"
      },
      "peerDependenciesMeta": {
        "@types/react": {
          "optional": true
        }
      }
    },
    "../../node_modules/.pnpm/@mui+material@6.5.0_@emotion+react@11.14.0_@types+react@19.2.18_react@19.2.8__@emotion+styled_huixu4gq7x6hefjpk7fdy76k5u/node_modules/@mui/material": {
      "version": "6.5.0",
      "dev": true,
      "license": "MIT",
      "dependencies": {
        "@babel/runtime": "^7.26.0",
        "@mui/core-downloads-tracker": "^6.5.0",
        "@mui/system": "^6.5.0",
        "@mui/types": "~7.2.24",
        "@popperjs/core": "^2.11.8",
        "@types/react-transition-group": "^4.4.12",
        "clsx": "^2.1.1",
        "csstype": "^3.1.3",
        "prop-types": "^15.8.1",
        "react-is": "^19.0.0",
        "react-transition-group": "^4.4.5"
      },
      "engines": {
        "node": ">=14.0.0"
      },
      "funding": {
        "type": "opencollective",
        "url": "https://opencollective.com/mui-org"
      },
      "peerDependencies": {
        "@emotion/react": "^11.5.0",
        "@emotion/styled": "^11.3.0",
        "@mui/material-pigment-css": "^6.5.0",
        "@types/react": "^17.0.0 || ^18.0.0 || ^19.0.0",
        "react": "^17.0.0 || ^18.0.0 || ^19.0.0",
        "react-dom": "^17.0.0 || ^18.0.0 || ^19.0.0"
      },
      "peerDependenciesMeta": {
        "@emotion/react": {
          "optional": true
        },
        "@emotion/styled": {
          "optional": true
        },
        "@mui/material-pigment-css": {
          "optional": true
        },
        "@types/react": {
          "optional": true
        }
      }
    },
    "../../node_modules/.pnpm/@storybook+react-vite@10.5.10_@types+react-dom@19.2.4_@types+react@19.2.18__@types+react@19.2_aq745jyidv6x25cewdkxpku3fu/node_modules/@storybook/react-vite": {
      "version": "10.5.10",
      "dev": true,
      "license": "MIT",
      "dependencies": {
        "@joshwooding/vite-plugin-react-docgen-typescript": "^0.7.0",
        "@rollup/pluginutils": "^5.0.2",
        "@storybook/builder-vite": "10.5.10",
        "@storybook/react": "10.5.10",
        "empathic": "^2.0.0",
        "magic-string": "^0.30.0",
        "react-docgen": "^8.0.2",
        "resolve": "^1.22.8",
        "tsconfig-paths": "^4.2.0"
      },
      "devDependencies": {
        "@types/node": "^22.19.1",
        "typescript": "^6.0.3",
        "vite": "^7.0.4"
      },
      "funding": {
        "type": "opencollective",
        "url": "https://opencollective.com/storybook"
      },
      "peerDependencies": {
        "react": "^16.8.0 || ^17.0.0 || ^18.0.0 || ^19.0.0",
        "react-dom": "^16.8.0 || ^17.0.0 || ^18.0.0 || ^19.0.0",
        "storybook": "^10.5.10",
        "typescript": ">= 4.9.x",
        "vite": "^5.0.0 || ^6.0.0 || ^7.0.0 || ^8.0.0"
      },
      "peerDependenciesMeta": {
        "typescript": {
          "optional": true
        }
      }
    },
    "../../node_modules/.pnpm/@storybook+react@10.5.10_@types+react-dom@19.2.4_@types+react@19.2.18__@types+react@19.2.18_r_lcuw23kmsgqcyhrkefg5u53xpa/node_modules/@storybook/react": {
      "version": "10.5.10",
      "dev": true,
      "license": "MIT",
      "dependencies": {
        "@storybook/global": "^5.0.0",
        "@storybook/react-dom-shim": "10.5.10",
        "react-docgen": "^8.0.2",
        "react-docgen-typescript": "^2.2.2"
      },
      "devDependencies": {
        "@types/babel-plugin-react-docgen": "^4.2.3",
        "@types/escodegen": "^0.0.6",
        "@types/estree": "^1.0.6",
        "@types/node": "^22.19.1",
        "@volar/language-core": "~2.4.28",
        "@volar/typescript": "~2.4.28",
        "acorn": "^7.4.1",
        "acorn-jsx": "^5.3.1",
        "acorn-walk": "^7.2.0",
        "babel-plugin-react-docgen": "^4.2.1",
        "comment-parser": "^1.4.1",
        "empathic": "^2.0.0",
        "es-toolkit": "^1.43.0",
        "escodegen": "^2.1.0",
        "expect-type": "^0.15.0",
        "html-tags": "^3.1.0",
        "memfs": "^4.11.1",
        "prop-types": "^15.7.2",
        "react-element-to-jsx-string": "patch:react-element-to-jsx-string@npm%3A@7rulnik/react-element-to-jsx-string@15.0.1#~/.yarn/patches/@7rulnik-react-element-to-jsx-string-npm-15.0.1-e53b67c4b3.patch",
        "require-from-string": "^2.0.2",
        "ts-dedent": "^2.0.0",
        "type-fest": "^5.6.0"
      },
      "funding": {
        "type": "opencollective",
        "url": "https://opencollective.com/storybook"
      },
      "peerDependencies": {
        "@types/react": "^16.8.0 || ^17.0.0 || ^18.0.0 || ^19.0.0",
        "@types/react-dom": "^16.8.0 || ^17.0.0 || ^18.0.0 || ^19.0.0",
        "react": "^16.8.0 || ^17.0.0 || ^18.0.0 || ^19.0.0",
        "react-dom": "^16.8.0 || ^17.0.0 || ^18.0.0 || ^19.0.0",
        "storybook": "^10.5.10",
        "typescript": ">= 4.9.x"
      },
      "peerDependenciesMeta": {
        "@types/react": {
          "optional": true
        },
        "@types/react-dom": {
          "optional": true
        },
        "typescript": {
          "optional": true
        }
      }
    },
    "../../node_modules/.pnpm/@types+react-dom@19.2.4_@types+react@19.2.18/node_modules/@types/react-dom": {
      "version": "19.2.4",
      "dev": true,
      "license": "MIT",
      "peerDependencies": {
        "@types/react": "^19.2.0"
      }
    },
    "../../node_modules/.pnpm/@types+react@19.2.18/node_modules/@types/react": {
      "version": "19.2.18",
      "dev": true,
      "license": "MIT",
      "dependencies": {
        "csstype": "^3.2.2"
      }
    },
    "../../node_modules/.pnpm/next@16.3.3_@babel+core@7.29.7_@types+node@20.19.43_react-dom@19.2.8_react@19.2.8__react@19.2.8/node_modules/next": {
      "version": "16.3.3",
      "dev": true,
      "license": "MIT",
      "dependencies": {
        "@next/env": "16.3.3",
        "@swc/helpers": "0.5.23",
        "baseline-browser-mapping": "^2.9.19",
        "caniuse-lite": "^1.0.30001579",
        "postcss": "8.5.23",
        "styled-jsx": "5.1.6"
      },
      "bin": {
        "next": "dist/bin/next"
      },
      "engines": {
        "node": ">=20.9.0"
      },
      "optionalDependencies": {
        "@next/swc-darwin-arm64": "16.3.3",
        "@next/swc-darwin-x64": "16.3.3",
        "@next/swc-linux-arm64-gnu": "16.3.3",
        "@next/swc-linux-arm64-musl": "16.3.3",
        "@next/swc-linux-x64-gnu": "16.3.3",
        "@next/swc-linux-x64-musl": "16.3.3",
        "@next/swc-win32-arm64-msvc": "16.3.3",
        "@next/swc-win32-x64-msvc": "16.3.3",
        "sharp": "^0.35.3"
      },
      "peerDependencies": {
        "@opentelemetry/api": "^1.1.0",
        "@playwright/test": "^1.51.1",
        "babel-plugin-react-compiler": "*",
        "react": "^18.2.0 || 19.0.0-rc-de68d2f4-20241204 || ^19.0.0",
        "react-dom": "^18.2.0 || 19.0.0-rc-de68d2f4-20241204 || ^19.0.0",
        "sass": "^1.3.0"
      },
      "peerDependenciesMeta": {
        "@opentelemetry/api": {
          "optional": true
        },
        "@playwright/test": {
          "optional": true
        },
        "babel-plugin-react-compiler": {
          "optional": true
        },
        "sass": {
          "optional": true
        }
      }
    },
    "../../node_modules/.pnpm/react-dom@19.2.8_react@19.2.8/node_modules/react-dom": {
      "version": "19.2.8",
      "dev": true,
      "license": "MIT",
      "dependencies": {
        "scheduler": "^0.27.0"
      },
      "peerDependencies": {
        "react": "^19.2.8"
      }
    },
    "../../node_modules/.pnpm/react@19.2.8/node_modules/react": {
      "version": "19.2.8",
      "dev": true,
      "license": "MIT",
      "engines": {
        "node": ">=0.10.0"
      }
    },
    "../../node_modules/.pnpm/storybook@10.5.10_@types+react@19.2.18_prettier@3.9.6_react@19.2.8/node_modules/storybook": {
      "version": "10.5.10",
      "dev": true,
      "license": "MIT",
      "dependencies": {
        "@storybook/global": "^5.0.0",
        "@storybook/icons": "^2.0.2",
        "@testing-library/dom": "^10.4.1",
        "@testing-library/jest-dom": "6.9.1",
        "@testing-library/user-event": "^14.6.1",
        "@vitest/expect": "3.2.4",
        "@vitest/spy": "3.2.4",
        "@webcontainer/env": "^1.1.1",
        "esbuild": "^0.18.0 || ^0.19.0 || ^0.20.0 || ^0.21.0 || ^0.22.0 || ^0.23.0 || ^0.24.0 || ^0.25.0 || ^0.26.0 || ^0.27.0 || ^0.28.0",
        "jsonc-parser": "^3.3.1",
        "open": "^10.2.0",
        "oxc-parser": "^0.127.0",
        "oxc-resolver": "11.21.2",
        "recast": "^0.23.5",
        "semver": "^7.7.3",
        "use-sync-external-store": "^1.5.0",
        "ws": "^8.21.1"
      },
      "bin": {
        "storybook": "dist/bin/dispatcher.js"
      },
      "devDependencies": {
        "@aw-web-design/x-default-browser": "1.4.126",
        "@babel/core": "^7.28.5",
        "@babel/generator": "^7.28.5",
        "@babel/parser": "^7.28.5",
        "@babel/traverse": "^7.28.5",
        "@babel/types": "^7.28.5",
        "@clack/prompts": "1.0.0-alpha.7",
        "@devtools-ds/object-inspector": "^1.1.2",
        "@discoveryjs/json-ext": "^0.5.3",
        "@emotion/cache": "^11.14.0",
        "@emotion/is-prop-valid": "^1.3.1",
        "@emotion/react": "^11.14.0",
        "@emotion/styled": "^11.14.0",
        "@fal-works/esbuild-plugin-global-externals": "^2.1.2",
        "@happy-dom/global-registrator": "^20.0.11",
        "@ngard/tiny-isequal": "^1.1.0",
        "@polka/compression": "^1.0.0-next.28",
        "@preact/signals-core": "^1.14.2",
        "@radix-ui/react-scroll-area": "1.2.0-rc.7",
        "@radix-ui/react-slot": "^1.0.2",
        "@react-aria/interactions": "^3.25.5",
        "@react-aria/landmark": "^3.0.8",
        "@react-aria/live-announcer": "^3.4.4",
        "@react-aria/overlays": "^3.29.1",
        "@react-aria/tabs": "^3.10.7",
        "@react-aria/toolbar": "3.0.0-beta.20",
        "@react-aria/utils": "^3.30.1",
        "@react-stately/overlays": "^3.6.19",
        "@react-stately/tabs": "^3.8.5",
        "@react-types/shared": "^3.32.0",
        "@rolldown/pluginutils": "1.0.0-beta.18",
        "@standard-schema/spec": "^1.1.0",
        "@tanstack/react-virtual": "^3.3.0",
        "@testing-library/react": "^14.0.0",
        "@types/cross-spawn": "^6.0.6",
        "@types/detect-port": "^1.3.0",
        "@types/diff": "^5.0.9",
        "@types/ejs": "^3.1.1",
        "@types/js-yaml": "^4.0.5",
        "@types/node": "^22.19.1",
        "@types/npmlog": "^7.0.0",
        "@types/picomatch": "^2.3.0",
        "@types/prettier": "^3.0.0",
        "@types/pretty-hrtime": "^1.0.0",
        "@types/prompts": "^2.0.9",
        "@types/react-syntax-highlighter": "11.0.5",
        "@types/semver": "^7.7.1",
        "@types/ws": "^8",
        "@vitest/mocker": "3.2.4",
        "@vitest/utils": "^3.2.4",
        "@yarnpkg/fslib": "2.10.3",
        "@yarnpkg/libzip": "2.3.0",
        "acorn": "^8.15.0",
        "acorn-jsx": "^5.3.2",
        "ansi-to-html": "^0.7.2",
        "browser-dtector": "^3.4.0",
        "bundle-require": "^5.1.0",
        "camelcase": "^9.0.0",
        "chai": "^5.1.1",
        "commander": "^14.0.2",
        "comment-parser": "^1.4.1",
        "copy-to-clipboard": "^3.3.1",
        "cross-spawn": "^7.0.6",
        "deep-object-diff": "^1.1.0",
        "deepsignal": "^1.6.0",
        "dequal": "^2.0.2",
        "detect-indent": "^7.0.1",
        "detect-port": "^1.6.1",
        "diff": "^8.0.2",
        "downshift": "^9.0.4",
        "ejs": "^3.1.10",
        "empathic": "^2.0.0",
        "es-toolkit": "^1.43.0",
        "esbuild": "^0.18.0 || ^0.19.0 || ^0.20.0 || ^0.21.0 || ^0.22.0 || ^0.23.0 || ^0.24.0 || ^0.25.0 || ^0.26.0 || ^0.27.0 || ^0.28.0",
        "execa": "^9.6.1",
        "exsolve": "^1.0.7",
        "extend-to-be-announced": "^2.0.0",
        "fetch-retry": "^6.0.0",
        "flush-promises": "^1.0.2",
        "fuse.js": "^3.6.1",
        "get-npm-tarball-url": "^2.1.0",
        "glob": "^10.5.0",
        "globby": "^14.1.0",
        "hast-util-to-estree": "^3.0.0",
        "host-validation-middleware": "^0.1.2",
        "immer": "11.1.8",
        "jiti": "^2.6.1",
        "js-yaml": "^4.1.0",
        "jsdoc-type-pratt-parser": "^4.0.0",
        "launch-editor": "^2.13.2",
        "lazy-universal-dotenv": "^4.0.0",
        "leven": "^4.0.0",
        "mdast-util-from-markdown": "^2.0.0",
        "mdast-util-mdx": "^3.0.0",
        "mdast-util-mdx-jsx": "^3.2.0",
        "memfs": "^4.11.1",
        "memoizerific": "^1.11.3",
        "micromark-extension-mdxjs": "^3.0.0",
        "modern-tar": "^0.5.5",
        "nanoid": "^4.0.2",
        "npmlog": "^7.0.0",
        "p-limit": "^7.2.0",
        "package-manager-detector": "^1.1.0",
        "picocolors": "^1.1.0",
        "picomatch": "^2.3.0",
        "picoquery": "^2.5.0",
        "polished": "^4.2.2",
        "polka": "^1.0.0-next.28",
        "prettier": "^3.7.1",
        "pretty-hrtime": "^1.0.3",
        "qrcode.react": "^4.2.0",
        "react": "^18.2.0",
        "react-aria-components": "patch:react-aria-components@npm%3A1.12.2#~/.yarn/patches/react-aria-components-npm-1.12.2-6c5dcdafab.patch",
        "react-dom": "^18.2.0",
        "react-helmet-async": "^1.3.0",
        "react-inspector": "^6.0.0",
        "react-router-dom": "6.15.0",
        "react-syntax-highlighter": "^15.4.5",
        "react-textarea-autosize": "^8.3.0",
        "react-transition-state": "^2.3.1",
        "require-from-string": "^2.0.2",
        "rolldown": "^1.1.4",
        "sirv": "^2.0.4",
        "slash": "^5.0.0",
        "source-map": "^0.7.4",
        "std-env": "^4.0.0",
        "store2": "^2.14.2",
        "strip-ansi": "^7.1.0",
        "strip-json-comments": "^5.0.1",
        "telejson": "8.0.0",
        "tiny-invariant": "^1.3.1",
        "tinyspy": "^3.0.2",
        "ts-dedent": "^2.0.0",
        "tsconfig-paths": "^4.2.0",
        "type-fest": "^5.6.0",
        "type-plus": "^8.0.0-beta.8",
        "typescript": "^6.0.3",
        "unique-string": "^3.0.0",
        "use-resize-observer": "^9.1.0",
        "valibot": "^1.4.0",
        "watchpack": "^2.5.0",
        "wrap-ansi": "^9.0.2",
        "yaml": "^2.8.2",
        "zod": "^3.25.76"
      },
      "funding": {
        "type": "opencollective",
        "url": "https://opencollective.com/storybook"
      },
      "peerDependencies": {
        "@types/react": "^16.8.0 || ^17.0.0 || ^18.0.0 || ^19.0.0",
        "prettier": "^2 || ^3",
        "vite-plus": "^0.1.15 || ^0.2.0"
      },
      "peerDependenciesMeta": {
        "@types/react": {
          "optional": true
        },
        "prettier": {
          "optional": true
        },
        "vite-plus": {
          "optional": true
        }
      }
    },
    "../../node_modules/.pnpm/tsup@8.5.1_postcss@8.5.26_typescript@5.9.3_yaml@1.10.3/node_modules/tsup": {
      "version": "8.5.1",
      "dev": true,
      "license": "MIT",
      "dependencies": {
        "bundle-require": "^5.1.0",
        "cac": "^6.7.14",
        "chokidar": "^4.0.3",
        "consola": "^3.4.0",
        "debug": "^4.4.0",
        "esbuild": "^0.27.0",
        "fix-dts-default-cjs-exports": "^1.0.0",
        "joycon": "^3.1.1",
        "picocolors": "^1.1.1",
        "postcss-load-config": "^6.0.1",
        "resolve-from": "^5.0.0",
        "rollup": "^4.34.8",
        "source-map": "^0.7.6",
        "sucrase": "^3.35.0",
        "tinyexec": "^0.3.2",
        "tinyglobby": "^0.2.11",
        "tree-kill": "^1.2.2"
      },
      "bin": {
        "tsup": "dist/cli-default.js",
        "tsup-node": "dist/cli-node.js"
      },
      "devDependencies": {
        "@microsoft/api-extractor": "^7.50.0",
        "@rollup/plugin-json": "6.1.0",
        "@swc/core": "1.10.18",
        "@types/debug": "4.1.12",
        "@types/node": "22.13.4",
        "@types/resolve": "1.20.6",
        "bumpp": "^10.0.3",
        "flat": "6.0.1",
        "postcss": "8.5.2",
        "postcss-simple-vars": "7.0.1",
        "prettier": "3.5.1",
        "resolve": "1.22.10",
        "rollup-plugin-dts": "6.1.1",
        "sass": "1.85.0",
        "strip-json-comments": "5.0.1",
        "svelte": "5.19.9",
        "svelte-preprocess": "6.0.3",
        "terser": "^5.39.0",
        "ts-essentials": "10.0.4",
        "tsup": "8.3.6",
        "typescript": "5.7.3",
        "vitest": "3.0.6",
        "wait-for-expect": "3.0.2"
      },
      "engines": {
        "node": ">=18"
      },
      "peerDependencies": {
        "@microsoft/api-extractor": "^7.36.0",
        "@swc/core": "^1",
        "postcss": "^8.4.12",
        "typescript": ">=4.5.0"
      },
      "peerDependenciesMeta": {
        "@microsoft/api-extractor": {
          "optional": true
        },
        "@swc/core": {
          "optional": true
        },
        "postcss": {
          "optional": true
        },
        "typescript": {
          "optional": true
        }
      }
    },
    "../../node_modules/.pnpm/typescript@5.9.3/node_modules/typescript": {
      "version": "5.9.3",
      "dev": true,
      "license": "Apache-2.0",
      "bin": {
        "tsc": "bin/tsc",
        "tsserver": "bin/tsserver"
      },
      "devDependencies": {
        "@dprint/formatter": "^0.4.1",
        "@dprint/typescript": "0.93.4",
        "@esfx/canceltoken": "^1.0.0",
        "@eslint/js": "^9.20.0",
        "@octokit/rest": "^21.1.1",
        "@types/chai": "^4.3.20",
        "@types/diff": "^7.0.1",
        "@types/minimist": "^1.2.5",
        "@types/mocha": "^10.0.10",
        "@types/ms": "^0.7.34",
        "@types/node": "latest",
        "@types/source-map-support": "^0.5.10",
        "@types/which": "^3.0.4",
        "@typescript-eslint/rule-tester": "^8.24.1",
        "@typescript-eslint/type-utils": "^8.24.1",
        "@typescript-eslint/utils": "^8.24.1",
        "azure-devops-node-api": "^14.1.0",
        "c8": "^10.1.3",
        "chai": "^4.5.0",
        "chokidar": "^4.0.3",
        "diff": "^7.0.0",
        "dprint": "^0.49.0",
        "esbuild": "^0.25.0",
        "eslint": "^9.20.1",
        "eslint-formatter-autolinkable-stylish": "^1.4.0",
        "eslint-plugin-regexp": "^2.7.0",
        "fast-xml-parser": "^4.5.2",
        "glob": "^10.4.5",
        "globals": "^15.15.0",
        "hereby": "^1.10.0",
        "jsonc-parser": "^3.3.1",
        "knip": "^5.44.4",
        "minimist": "^1.2.8",
        "mocha": "^10.8.2",
        "mocha-fivemat-progress-reporter": "^0.1.0",
        "monocart-coverage-reports": "^2.12.1",
        "ms": "^2.1.3",
        "picocolors": "^1.1.1",
        "playwright": "^1.50.1",
        "source-map-support": "^0.5.21",
        "tslib": "^2.8.1",
        "typescript": "^5.7.3",
        "typescript-eslint": "^8.24.1",
        "which": "^3.0.1"
      },
      "engines": {
        "node": ">=14.17"
      }
    },
    "node_modules/@emotion/cache": {
      "resolved": "../../node_modules/.pnpm/@emotion+cache@11.14.0/node_modules/@emotion/cache",
      "link": true
    },
    "node_modules/@emotion/react": {
      "resolved": "../../node_modules/.pnpm/@emotion+react@11.14.0_@types+react@19.2.18_react@19.2.8/node_modules/@emotion/react",
      "link": true
    },
    "node_modules/@emotion/styled": {
      "resolved": "../../node_modules/.pnpm/@emotion+styled@11.14.1_@emotion+react@11.14.0_@types+react@19.2.18_react@19.2.8__@types+react@19.2.18_react@19.2.8/node_modules/@emotion/styled",
      "link": true
    },
    "node_modules/@mui/icons-material": {
      "resolved": "../../node_modules/.pnpm/@mui+icons-material@6.5.0_@mui+material@6.5.0_@emotion+react@11.14.0_@types+react@19.2.18_rea_p7l276ugrvzlwtimhvrcyjtfx4/node_modules/@mui/icons-material",
      "link": true
    },
    "node_modules/@mui/material": {
      "resolved": "../../node_modules/.pnpm/@mui+material@6.5.0_@emotion+react@11.14.0_@types+react@19.2.18_react@19.2.8__@emotion+styled_huixu4gq7x6hefjpk7fdy76k5u/node_modules/@mui/material",
      "link": true
    },
    "node_modules/@storybook/react": {
      "resolved": "../../node_modules/.pnpm/@storybook+react@10.5.10_@types+react-dom@19.2.4_@types+react@19.2.18__@types+react@19.2.18_r_lcuw23kmsgqcyhrkefg5u53xpa/node_modules/@storybook/react",
      "link": true
    },
    "node_modules/@storybook/react-vite": {
      "resolved": "../../node_modules/.pnpm/@storybook+react-vite@10.5.10_@types+react-dom@19.2.4_@types+react@19.2.18__@types+react@19.2_aq745jyidv6x25cewdkxpku3fu/node_modules/@storybook/react-vite",
      "link": true
    },
    "node_modules/@types/react": {
      "resolved": "../../node_modules/.pnpm/@types+react@19.2.18/node_modules/@types/react",
      "link": true
    },
    "node_modules/@types/react-dom": {
      "resolved": "../../node_modules/.pnpm/@types+react-dom@19.2.4_@types+react@19.2.18/node_modules/@types/react-dom",
      "link": true
    },
    "node_modules/dayjs": {
      "version": "1.11.23",
      "resolved": "https://registry.npmjs.org/dayjs/-/dayjs-1.11.23.tgz",
      "integrity": "sha512-QDTCU0M0MxR3hQfnlDJfwekQiaanm1ubOD231u73WBckQ/fsamwRLiE2GBz6D3a/xF1NgfiDLJjXBa1hYOYTtQ==",
      "license": "MIT"
    },
    "node_modules/next": {
      "resolved": "../../node_modules/.pnpm/next@16.3.3_@babel+core@7.29.7_@types+node@20.19.43_react-dom@19.2.8_react@19.2.8__react@19.2.8/node_modules/next",
      "link": true
    },
    "node_modules/react": {
      "resolved": "../../node_modules/.pnpm/react@19.2.8/node_modules/react",
      "link": true
    },
    "node_modules/react-dom": {
      "resolved": "../../node_modules/.pnpm/react-dom@19.2.8_react@19.2.8/node_modules/react-dom",
      "link": true
    },
    "node_modules/storybook": {
      "resolved": "../../node_modules/.pnpm/storybook@10.5.10_@types+react@19.2.18_prettier@3.9.6_react@19.2.8/node_modules/storybook",
      "link": true
    },
    "node_modules/tsup": {
      "resolved": "../../node_modules/.pnpm/tsup@8.5.1_postcss@8.5.26_typescript@5.9.3_yaml@1.10.3/node_modules/tsup",
      "link": true
    },
    "node_modules/typescript": {
      "resolved": "../../node_modules/.pnpm/typescript@5.9.3/node_modules/typescript",
      "link": true
    }
  }
}
